// !$*UTF8*$!
{
	archiveVersion = 1;
	classes = {
	};
	objectVersion = 46;
	objects = {

/* Begin PBXBuildFile section */
		CFD77EAE1C82B3650025A248 /* main.m in Sources */ = {isa = PBXBuildFile; fileRef = CFD77EAD1C82B3650025A248 /* main.m */; };
		CFD77EB11C82B3650025A248 /* AppDelegate.m in Sources */ = {isa = PBXBuildFile; fileRef = CFD77EB01C82B3650025A248 /* AppDelegate.m */; };
		CFD77EB41C82B3650025A248 /* ViewController.m in Sources */ = {isa = PBXBuildFile; fileRef = CFD77EB31C82B3650025A248 /* ViewController.m */; };
		CFD77EB71C82B3650025A248 /* Main.storyboard in Resources */ = {isa = PBXBuildFile; fileRef = CFD77EB51C82B3650025A248 /* Main.storyboard */; };
		CFD77EB91C82B3650025A248 /* Assets.xcassets in Resources */ = {isa = PBXBuildFile; fileRef = CFD77EB81C82B3650025A248 /* Assets.xcassets */; };
		CFD77EBC1C82B3650025A248 /* LaunchScreen.storyboard in Resources */ = {isa = PBXBuildFile; fileRef = CFD77EBA1C82B3650025A248 /* LaunchScreen.storyboard */; };
		CFD77EC71C82B3650025A248 /* DemoTests.m in Sources */ = {isa = PBXBuildFile; fileRef = CFD77EC61C82B3650025A248 /* DemoTests.m */; };
		CFD77ED61C82B3930025A248 /* DBGuestureButton.m in Sources */ = {isa = PBXBuildFile; fileRef = CFD77ED31C82B3930025A248 /* DBGuestureButton.m */; };
		CFD77ED71C82B3930025A248 /* DBGuestureLock.m in Sources */ = {isa = PBXBuildFile; fileRef = CFD77ED51C82B3930025A248 /* DBGuestureLock.m */; };
/* End PBXBuildFile section */

/* Begin PBXContainerItemProxy section */
		CFD77EC31C82B3650025A248 /* PBXContainerItemProxy */ = {
			isa = PBXContainerItemProxy;
			containerPortal = CFD77EA11C82B3650025A248 /* Project object */;
			proxyType = 1;
			remoteGlobalIDString = CFD77EA81C82B3650025A248;
			remoteInfo = Demo;
		};
/* End PBXContainerItemProxy section */

/* Begin PBXFileReference section */
		CFD77EA91C82B3650025A248 /* Demo.app */ = {isa = PBXFileReference; explicitFileType = wrapper.application; includeInIndex = 0; path = Demo.app; sourceTree = BUILT_PRODUCTS_DIR; };
		CFD77EAD1C82B3650025A248 /* main.m */ = {isa = PBXFileReference; lastKnownFileType = sourcecode.c.objc; path = main.m; sourceTree = "<group>"; };
		CFD77EAF1C82B3650025A248 /* AppDelegate.h */ = {isa = PBXFileReference; lastKnownFileType = sourcecode.c.h; path = AppDelegate.h; sourceTree = "<group>"; };
		CFD77EB01C82B3650025A248 /* AppDelegate.m */ = {isa = PBXFileReference; lastKnownFileType = sourcecode.c.objc; path = AppDelegate.m; sourceTree = "<group>"; };
		CFD77EB21C82B3650025A248 /* ViewController.h */ = {isa = PBXFileReference; lastKnownFileType = sourcecode.c.h; path = ViewController.h; sourceTree = "<group>"; };
		CFD77EB31C82B3650025A248 /* ViewController.m */ = {isa = PBXFileReference; lastKnownFileType = sourcecode.c.objc; path = ViewController.m; sourceTree = "<group>"; };
		CFD77EB61C82B3650025A248 /* Base */ = {isa = PBXFileReference; lastKnownFileType = file.storyboard; name = Base; path = Base.lproj/Main.storyboard; sourceTree = "<group>"; };
		CFD77EB81C82B3650025A248 /* Assets.xcassets */ = {isa = PBXFileReference; lastKnownFileType = folder.assetcatalog; path = Assets.xcassets; sourceTree = "<group>"; };
		CFD77EBB1C82B3650025A248 /* Base */ = {isa = PBXFileReference; lastKnownFileType = file.storyboard; name = Base; path = Base.lproj/LaunchScreen.storyboard; sourceTree = "<group>"; };
		CFD77EBD1C82B3650025A248 /* Info.plist */ = {isa = PBXFileReference; lastKnownFileType = text.plist.xml; path = Info.plist; sourceTree = "<group>"; };
		CFD77EC21C82B3650025A248 /* DemoTests.xctest */ = {isa = PBXFileReference; explicitFileType = wrapper.cfbundle; includeInIndex = 0; path = DemoTests.xctest; sourceTree = BUILT_PRODUCTS_DIR; };
		CFD77EC61C82B3650025A248 /* DemoTests.m */ = {isa = PBXFileReference; lastKnownFileType = sourcecode.c.objc; path = DemoTests.m; sourceTree = "<group>"; };
		CFD77EC81C82B3650025A248 /* Info.plist */ = {isa = PBXFileReference; lastKnownFileType = text.plist.xml; path = Info.plist; sourceTree = "<group>"; };
		CFD77ED21C82B3930025A248 /* DBGuestureButton.h */ = {isa = PBXFileReference; fileEncoding = 4; lastKnownFileType = sourcecode.c.h; path = DBGuestureButton.h; sourceTree = "<group>"; };
		CFD77ED31C82B3930025A248 /* DBGuestureButton.m */ = {isa = PBXFileReference; fileEncoding = 4; lastKnownFileType = sourcecode.c.objc; path = DBGuestureButton.m; sourceTree = "<group>"; };
		CFD77ED41C82B3930025A248 /* DBGuestureLock.h */ = {isa = PBXFileReference; fileEncoding = 4; lastKnownFileType = sourcecode.c.h; path = DBGuestureLock.h; sourceTree = "<group>"; };
		CFD77ED51C82B3930025A248 /* DBGuestureLock.m */ = {isa = PBXFileReference; fileEncoding = 4; lastKnownFileType = sourcecode.c.objc; path = DBGuestureLock.m; sourceTree = "<group>"; };
/* End PBXFileReference section */

/* Begin PBXFrameworksBuildPhase section */
		CFD77EA61C82B3650025A248 /* Frameworks */ = {
			isa = PBXFrameworksBuildPhase;
			buildActionMask = 2147483647;
			files = (
			);
			runOnlyForDeploymentPostprocessing = 0;
		};
		CFD77EBF1C82B3650025A248 /* Frameworks */ = {
			isa = PBXFrameworksBuildPhase;
			buildActionMask = 2147483647;
			files = (
			);
			runOnlyForDeploymentPostprocessing = 0;
		};
/* End PBXFrameworksBuildPhase section */

/* Begin PBXGroup section */
		CFD77EA01C82B3650025A248 = {
			isa = PBXGroup;
			children = (
				CFD77EAB1C82B3650025A248 /* Demo */,
				CFD77EC51C82B3650025A248 /* DemoTests */,
				CFD77EAA1C82B3650025A248 /* Products */,
			);
			sourceTree = "<group>";
		};
		CFD77EAA1C82B3650025A248 /* Products */ = {
			isa = PBXGroup;
			children = (
				CFD77EA91C82B3650025A248 /* Demo.app */,
				CFD77EC21C82B3650025A248 /* DemoTests.xctest */,
			);
			name = Products;
			sourceTree = "<group>";
		};
		CFD77EAB1C82B3650025A248 /* Demo */ = {
			isa = PBXGroup;
			children = (
				CFD77EAF1C82B3650025A248 /* AppDelegate.h */,
				CFD77EB01C82B3650025A248 /* AppDelegate.m */,
				CFD77EB21C82B3650025A248 /* ViewController.h */,
				CFD77EB31C82B3650025A248 /* ViewController.m */,
				CFD77EB51C82B3650025A248 /* Main.storyboard */,
				CFD77EB81C82B3650025A248 /* Assets.xcassets */,
				CFD77EBA1C82B3650025A248 /* LaunchScreen.storyboard */,
				CFD77EBD1C82B3650025A248 /* Info.plist */,
				CFD77ED11C82B3930025A248 /* DBGuestureLock */,
				CFD77EAC1C82B3650025A248 /* Supporting Files */,
			);
			path = Demo;
			sourceTree = "<group>";
		};
		CFD77EAC1C82B3650025A248 /* Supporting Files */ = {
			isa = PBXGroup;
			children = (
				CFD77EAD1C82B3650025A248 /* main.m */,
			);
			name = "Supporting Files";
			sourceTree = "<group>";
		};
		CFD77EC51C82B3650025A248 /* DemoTests */ = {
			isa = PBXGroup;
			children = (
				CFD77EC61C82B3650025A248 /* DemoTests.m */,
				CFD77EC81C82B3650025A248 /* Info.plist */,
			);
			path = DemoTests;
			sourceTree = "<group>";
		};
		CFD77ED11C82B3930025A248 /* DBGuestureLock */ = {
			isa = PBXGroup;
			children = (
				CFD77ED21C82B3930025A248 /* DBGuestureButton.h */,
				CFD77ED31C82B3930025A248 /* DBGuestureButton.m */,
				CFD77ED41C82B3930025A248 /* DBGuestureLock.h */,
				CFD77ED51C82B3930025A248 /* DBGuestureLock.m */,
			);
			path = DBGuestureLock;
			sourceTree = "<group>";
		};
/* End PBXGroup section */

/* Begin PBXNativeTarget section */
		CFD77EA81C82B3650025A248 /* Demo */ = {
			isa = PBXNativeTarget;
			buildConfigurationList = CFD77ECB1C82B3650025A248 /* Build configuration list for PBXNativeTarget "Demo" */;
			buildPhases = (
				CFD77EA51C82B3650025A248 /* Sources */,
				CFD77EA61C82B3650025A248 /* Frameworks */,
				CFD77EA71C82B3650025A248 /* Resources */,
			);
			buildRules = (
			);
			dependencies = (
			);
			name = Demo;
			productName = Demo;
			productReference = CFD77EA91C82B3650025A248 /* Demo.app */;
			productType = "com.apple.product-type.application";
		};
		CFD77EC11C82B3650025A248 /* DemoTests */ = {
			isa = PBXNativeTarget;
			buildConfigurationList = CFD77ECE1C82B3650025A248 /* Build configuration list for PBXNativeTarget "DemoTests" */;
			buildPhases = (
				CFD77EBE1C82B3650025A248 /* Sources */,
				CFD77EBF1C82B3650025A248 /* Frameworks */,
				CFD77EC01C82B3650025A248 /* Resources */,
			);
			buildRules = (
			);
			dependencies = (
				CFD77EC41C82B3650025A248 /* PBXTargetDependency */,
			);
			name = DemoTests;
			productName = DemoTests;
			productReference = CFD77EC21C82B3650025A248 /* DemoTests.xctest */;
			productType = "com.apple.product-type.bundle.unit-test";
		};
/* End PBXNativeTarget section */

/* Begin PBXProject section */
		CFD77EA11C82B3650025A248 /* Project object */ = {
			isa = PBXProject;
			attributes = {
				LastUpgradeCheck = 0720;
				ORGANIZATIONNAME = "http://i36.Me/";
				TargetAttributes = {
					CFD77EA81C82B3650025A248 = {
						CreatedOnToolsVersion = 7.2.1;
						DevelopmentTeam = CVQ5Q3PPX2;
					};
					CFD77EC11C82B3650025A248 = {
						CreatedOnToolsVersion = 7.2.1;
						TestTargetID = CFD77EA81C82B3650025A248;
					};
				};
			};
			buildConfigurationList = CFD77EA41C82B3650025A248 /* Build configuration list for PBXProject "Demo" */;
			compatibilityVersion = "Xcode 3.2";
			developmentRegion = English;
			hasScannedForEncodings = 0;
			knownRegions = (
				en,
				Base,
			);
			mainGroup = CFD77EA01C82B3650025A248;
			productRefGroup = CFD77EAA1C82B3650025A248 /* Products */;
			projectDirPath = "";
			projectRoot = "";
			targets = (
				CFD77EA81C82B3650025A248 /* Demo */,
				CFD77EC11C82B3650025A248 /* DemoTests */,
			);
		};
/* End PBXProject section */

/* Begin PBXResourcesBuildPhase section */
		CFD77EA71C82B3650025A248 /* Resources */ = {
			isa = PBXResourcesBuildPhase;
			buildActionMask = 2147483647;
			files = (
				CFD77EBC1C82B3650025A248 /* LaunchScreen.storyboard in Resources */,
				CFD77EB91C82B3650025A248 /* Assets.xcassets in Resources */,
				CFD77EB71C82B3650025A248 /* Main.storyboard in Resources */,
			);
			runOnlyForDeploymentPostprocessing = 0;
		};
		CFD77EC01C82B3650025A248 /* Resources */ = {
			isa = PBXResourcesBuildPhase;
			buildActionMask = 2147483647;
			files = (
			);
			runOnlyForDeploymentPostprocessing = 0;
		};
/* End PBXResourcesBuildPhase section */

/* Begin PBXSourcesBuildPhase section */
		CFD77EA51C82B3650025A248 /* Sources */ = {
			isa = PBXSourcesBuildPhase;
			buildActionMask = 2147483647;
			files = (
				CFD77EB41C82B3650025A248 /* ViewController.m in Sources */,
				CFD77ED71C82B3930025A248 /* DBGuestureLock.m in Sources */,
				CFD77EB11C82B3650025A248 /* AppDelegate.m in Sources */,
				CFD77EAE1C82B3650025A248 /* main.m in Sources */,
				CFD77ED61C82B3930025A248 /* DBGuestureButton.m in Sources */,
			);
			runOnlyForDeploymentPostprocessing = 0;
		};
		CFD77EBE1C82B3650025A248 /* Sources */ = {
			isa = PBXSourcesBuildPhase;
			buildActionMask = 2147483647;
			files = (
				CFD77EC71C82B3650025A248 /* DemoTests.m in Sources */,
			);
			runOnlyForDeploymentPostprocessing = 0;
		};
/* End PBXSourcesBuildPhase section */

/* Begin PBXTargetDependency section */
		CFD77EC41C82B3650025A248 /* PBXTargetDependency */ = {
			isa = PBXTargetDependency;
			target = CFD77EA81C82B3650025A248 /* Demo */;
			targetProxy = CFD77EC31C82B3650025A248 /* PBXContainerItemProxy */;
		};
/* End PBXTargetDependency section */

/* Begin PBXVariantGroup section */
		CFD77EB51C82B3650025A248 /* Main.storyboard */ = {
			isa = PBXVariantGroup;
			children = (
				CFD77EB61C82B3650025A248 /* Base */,
			);
			name = Main.storyboard;
			sourceTree = "<group>";
		};
		CFD77EBA1C82B3650025A248 /* LaunchScreen.storyboard */ = {
			isa = PBXVariantGroup;
			children = (
				CFD77EBB1C82B3650025A248 /* Base */,
			);
			name = LaunchScreen.storyboard;
			sourceTree = "<group>";
		};
/* End PBXVariantGroup section */

/* Begin XCBuildConfiguration section */
		CFD77EC91C82B3650025A248 /* Debug */ = {
			isa = XCBuildConfiguration;
			buildSettings = {
				ALWAYS_SEARCH_USER_PATHS = NO;
				CLANG_CXX_LANGUAGE_STANDARD = "gnu++0x";
				CLANG_CXX_LIBRARY = "libc++";
				CLANG_ENABLE_MODULES = YES;
				CLANG_ENABLE_OBJC_ARC = YES;
				CLANG_WARN_BOOL_CONVERSION = YES;
				CLANG_WARN_CONSTANT_CONVERSION = YES;
				CLANG_WARN_DIRECT_OBJC_ISA_USAGE = YES_ERROR;
				CLANG_WARN_EMPTY_BODY = YES;
				CLANG_WARN_ENUM_CONVERSION = YES;
				CLANG_WARN_INT_CONVERSION = YES;
				CLANG_WARN_OBJC_ROOT_CLASS = YES_ERROR;
				CLANG_WARN_UNREACHABLE_CODE = YES;
				CLANG_WARN__DUPLICATE_METHOD_MATCH = YES;
				"CODE_SIGN_IDENTITY[sdk=iphoneos*]" = "iPhone Developer";
				COPY_PHASE_STRIP = NO;
				DEBUG_INFORMATION_FORMAT = dwarf;
				ENABLE_STRICT_OBJC_MSGSEND = YES;
				ENABLE_TESTABILITY = YES;
				GCC_C_LANGUAGE_STANDARD = gnu99;
				GCC_DYNAMIC_NO_PIC = NO;
				GCC_NO_COMMON_BLOCKS = YES;
				GCC_OPTIMIZATION_LEVEL = 0;
				GCC_PREPROCESSOR_DEFINITIONS = (
					"DEBUG=1",
					"$(inherited)",
				);
				GCC_WARN_64_TO_32_BIT_CONVERSION = YES;
				GCC_WARN_ABOUT_RETURN_TYPE = YES_ERROR;
				GCC_WARN_UNDECLARED_SELECTOR = YES;
				GCC_WARN_UNINITIALIZED_AUTOS = YES_AGGRESSIVE;
				GCC_WARN_UNUSED_FUNCTION = YES;
				GCC_WARN_UNUSED_VARIABLE = YES;
				IPHONEOS_DEPLOYMENT_TARGET = 9.2;
				MTL_ENABLE_DEBUG_INFO = YES;
				ONLY_ACTIVE_ARCH = YES;
				SDKROOT = iphoneos;
			};
			name = Debug;
		};
		CFD77ECA1C82B3650025A248 /* Release */ = {
			isa = XCBuildConfiguration;
			buildSettings = {
				ALWAYS_SEARCH_USER_PATHS = NO;
				CLANG_CXX_LANGUAGE_STANDARD = "gnu++0x";
				CLANG_CXX_LIBRARY = "libc++";
				CLANG_ENABLE_MODULES = YES;
				CLANG_ENABLE_OBJC_ARC = YES;
				CLANG_WARN_BOOL_CONVERSION = YES;
				CLANG_WARN_CONSTANT_CONVERSION = YES;
				CLANG_WARN_DIRECT_OBJC_ISA_USAGE = YES_ERROR;
				CLANG_WARN_EMPTY_BODY = YES;
				CLANG_WARN_ENUM_CONVERSION = YES;
				CLANG_WARN_INT_CONVERSION = YES;
				CLANG_WARN_OBJC_ROOT_CLASS = YES_ERROR;
				CLANG_WARN_UNREACHABLE_CODE = YES;
				CLANG_WARN__DUPLICATE_METHOD_MATCH = YES;
				"CODE_SIGN_IDENTITY[sdk=iphoneos*]" = "iPhone Developer";
				COPY_PHASE_STRIP = NO;
				DEBUG_INFORMATION_FORMAT = "dwarf-with-dsym";
				ENABLE_NS_ASSERTIONS = NO;
				ENABLE_STRICT_OBJC_MSGSEND = YES;
				GCC_C_LANGUAGE_STANDARD = gnu99;
				GCC_NO_COMMON_BLOCKS = YES;
				GCC_WARN_64_TO_32_BIT_CONVERSION = YES;
				GCC_WARN_ABOUT_RETURN_TYPE = YES_ERROR;
				GCC_WARN_UNDECLARED_SELECTOR = YES;
				GCC_WARN_UNINITIALIZED_AUTOS = YES_AGGRESSIVE;
				GCC_WARN_UNUSED_FUNCTION = YES;
				GCC_WARN_UNUSED_VARIABLE = YES;
				IPHONEOS_DEPLOYMENT_TARGET = 9.2;
				MTL_ENABLE_DEBUG_INFO = NO;
				SDKROOT = iphoneos;
				VALIDATE_PRODUCT = YES;
			};
			name = Release;
		};
		CFD77ECC1C82B3650025A248 /* Debug */ = {
			isa = XCBuildConfiguration;
			buildSettings = {
				ASSETCATALOG_COMPILER_APPICON_NAME = AppIcon;
				CODE_SIGN_IDENTITY = "iPhone Developer";
				INFOPLIST_FILE = Demo/Info.plist;
				IPHONEOS_DEPLOYMENT_TARGET = 7.0;
				LD_RUNPATH_SEARCH_PATHS = "$(inherited) @executable_path/Frameworks";
				PRODUCT_BUNDLE_IDENTIFIER = Me.i36.Demo;
				PRODUCT_NAME = "$(TARGET_NAME)";
			};
			name = Debug;
		};
		CFD77ECD1C82B3650025A248 /* Release */ = {
			isa = XCBuildConfiguration;
			buildSettings = {
				ASSETCATALOG_COMPILER_APPICON_NAME = AppIcon;
				CODE_SIGN_IDENTITY = "iPhone Developer";
				INFOPLIST_FILE = Demo/Info.plist;
				IPHONEOS_DEPLOYMENT_TARGET = 7.0;
				LD_RUNPATH_SEARCH_PATHS = "$(inherited) @executable_path/Frameworks";
				PRODUCT_BUNDLE_IDENTIFIER = Me.i36.Demo;
				PRODUCT_NAME = "$(TARGET_NAME)";
			};
			name = Release;
		};
		CFD77ECF1C82B3650025A248 /* Debug */ = {
			isa = XCBuildConfiguration;
			buildSettings = {
				BUNDLE_LOADER = "$(TEST_HOST)";
				INFOPLIST_FILE = DemoTests/Info.plist;
				LD_RUNPATH_SEARCH_PATHS = "$(inherited) @executable_path/Frameworks @loader_path/Frameworks";
				PRODUCT_BUNDLE_IDENTIFIER = Me.i36.DemoTests;
				PRODUCT_NAME = "$(TARGET_NAME)";
				TEST_HOST = "$(BUILT_PRODUCTS_DIR)/Demo.app/Demo";
			};
			name = Debug;
		};
		CFD77ED01C82B3650025A248 /* Release */ = {
			isa = XCBuildConfiguration;
			buildSettings = {
				BUNDLE_LOADER = "$(TEST_HOST)";
				INFOPLIST_FILE = DemoTests/Info.plist;
				LD_RUNPATH_SEARCH_PATHS = "$(inherited) @executable_path/Frameworks @loader_path/Frameworks";
				PRODUCT_BUNDLE_IDENTIFIER = Me.i36.DemoTests;
				PRODUCT_NAME = "$(TARGET_NAME)";
				TEST_HOST = "$(BUILT_PRODUCTS_DIR)/Demo.app/Demo";
			};
			name = Release;
		};
/* End XCBuildConfiguration section */

/* Begin XCConfigurationList section */
		CFD77EA41C82B3650025A248 /* Build configuration list for PBXProject "Demo" */ = {
			isa = XCConfigurationList;
			buildConfigurations = (
				CFD77EC91C82B3650025A248 /* Debug */,
				CFD77ECA1C82B3650025A248 /* Release */,
			);
			defaultConfigurationIsVisible = 0;
			defaultConfigurationName = Release;
		};
		CFD77ECB1C82B3650025A248 /* Build configuration list for PBXNativeTarget "Demo" */ = {
			isa = XCConfigurationList;
			buildConfigurations = (
				CFD77ECC1C82B3650025A248 /* Debug */,
				CFD77ECD1C82B3650025A248 /* Release */,
			);
			defaultConfigurationIsVisible = 0;
			defaultConfigurationName = Release;
		};
		CFD77ECE1C82B3650025A248 /* Build configuration list for PBXNativeTarget "DemoTests" */ = {
			isa = XCConfigurationList;
			buildConfigurations = (
				CFD77ECF1C82B3650025A248 /* Debug */,
				CFD77ED01C82B3650025A248 /* Release */,
			);
			defaultConfigurationIsVisible = 0;
			defaultConfigurationName = Release;
		};
/* End XCConfigurationList section */
	};
	rootObject = CFD77EA11C82B3650025A248 /* Project object */;
}
